version = 1
revision = 3
requires-python = "==3.11.*"

[[package]]
name = "nvidia-cublas-cu12"
version = "12.8.4.1"
source = { registry = "https://pypi.org/simple" }
wheels = [
    { url = "https://files.pythonhosted.org/packages/29/99/db44d685f0e257ff0e213ade1964fc459b4a690a73293220e98feb3307cf/nvidia_cublas_cu12-12.8.4.1-py3-none-manylinux_2_27_aarch64.whl", hash = "sha256:b86f6dd8935884615a0683b663891d43781b819ac4f2ba2b0c9604676af346d0", size = 590537124, upload-time = "2025-03-07T01:43:53.556Z" },
    { url = "https://files.pythonhosted.org/packages/dc/61/e24b560ab2e2eaeb3c839129175fb330dfcfc29e5203196e5541a4c44682/nvidia_cublas_cu12-12.8.4.1-py3-none-manylinux_2_27_x86_64.whl", hash = "sha256:8ac4e771d5a348c551b2a426eda6193c19aa630236b418086020df5ba9667142", size = 594346921, upload-time = "2025-03-07T01:44:31.254Z" },
    { url = "https://files.pythonhosted.org/packages/70/61/7d7b3c70186fb651d0fbd35b01dbfc8e755f69fd58f817f3d0f642df20c3/nvidia_cublas_cu12-12.8.4.1-py3-none-win_amd64.whl", hash = "sha256:47e9b82132fa8d2b4944e708049229601448aaad7e6f296f630f2d1a32de35af", size = 567544208, upload-time = "2025-03-07T01:53:30.535Z" },
]

[[package]]
name = "track2-evo2-cublas-compatibility"
version = "0.1.0"
source = { virtual = "." }
dependencies = [
    { name = "nvidia-cublas-cu12" },
]

[package.metadata]
requires-dist = [{ name = "nvidia-cublas-cu12", specifier = "==12.8.4.1" }]
